
Microsoft Visual Studio Solution File, Format Version 12.00
# Visual Studio Version 17
VisualStudioVersion = 17.10.35027.167
MinimumVisualStudioVersion = 10.0.40219.1
Project("{FAE04EC0-301F-11D3-BF4B-00C04F79EFBC}") = "ftlCLI", "gch-cli\ftlCLI.csproj", "{B3358059-561D-4007-95D7-BEB0ADFE45E8}"
EndProject
Global
	GlobalSection(SolutionConfigurationPlatforms) = preSolution
		Debug|Any CPU = Debug|Any CPU
		Release|Any CPU = Release|Any CPU
	EndGlobalSection
	GlobalSection(ProjectConfigurationPlatforms) = postSolution
		{B3358059-561D-4007-95D7-BEB0ADFE45E8}.Debug|Any CPU.ActiveCfg = Debug|Any CPU
		{B3358059-561D-4007-95D7-BEB0ADFE45E8}.Debug|Any CPU.Build.0 = Debug|Any CPU
		{B3358059-561D-4007-95D7-BEB0ADFE45E8}.Release|Any CPU.ActiveCfg = Release|Any CPU
		{B3358059-561D-4007-95D7-BEB0ADFE45E8}.Release|Any CPU.Build.0 = Release|Any CPU
	EndGlobalSection
	GlobalSection(SolutionProperties) = preSolution
		HideSolutionNode = FALSE
	EndGlobalSection
	GlobalSection(ExtensibilityGlobals) = postSolution
		SolutionGuid = {9E7D7F0B-6674-446B-80C4-140A2F12A45B}
	EndGlobalSection
EndGlobal
